
Microsoft Visual Studio Solution File, Format Version 12.00
# Visual Studio Version 17
VisualStudioVersion = 17.14.37516.0 d17.14
MinimumVisualStudioVersion = 10.0.40219.1
Project("{FAE04EC0-301F-11D3-BF4B-00C04F79EFBC}") = "numeros_entre1_N_for", "numeros_entre1_N_for\numeros_entre1_N_for.csproj", "{F0A8F85A-5F72-40D5-B91C-2D0BCE7C3DC1}"
EndProject
Global
	GlobalSection(SolutionConfigurationPlatforms) = preSolution
		Debug|Any CPU = Debug|Any CPU
		Release|Any CPU = Release|Any CPU
	EndGlobalSection
	GlobalSection(ProjectConfigurationPlatforms) = postSolution
		{F0A8F85A-5F72-40D5-B91C-2D0BCE7C3DC1}.Debug|Any CPU.ActiveCfg = Debug|Any CPU
		{F0A8F85A-5F72-40D5-B91C-2D0BCE7C3DC1}.Debug|Any CPU.Build.0 = Debug|Any CPU
		{F0A8F85A-5F72-40D5-B91C-2D0BCE7C3DC1}.Release|Any CPU.ActiveCfg = Release|Any CPU
		{F0A8F85A-5F72-40D5-B91C-2D0BCE7C3DC1}.Release|Any CPU.Build.0 = Release|Any CPU
	EndGlobalSection
	GlobalSection(SolutionProperties) = preSolution
		HideSolutionNode = FALSE
	EndGlobalSection
	GlobalSection(ExtensibilityGlobals) = postSolution
		SolutionGuid = {19F14246-17B2-4007-A9C6-1FECE5BB31D4}
	EndGlobalSection
EndGlobal
