
Microsoft Visual Studio Solution File, Format Version 12.00
# Visual Studio Version 17
VisualStudioVersion = 17.14.37516.0 d17.14
MinimumVisualStudioVersion = 10.0.40219.1
Project("{FAE04EC0-301F-11D3-BF4B-00C04F79EFBC}") = "metade_10_numeros", "metade_10_numeros\metade_10_numeros.csproj", "{53FB23F6-9D92-430F-99C7-020621AFBA38}"
EndProject
Global
	GlobalSection(SolutionConfigurationPlatforms) = preSolution
		Debug|Any CPU = Debug|Any CPU
		Release|Any CPU = Release|Any CPU
	EndGlobalSection
	GlobalSection(ProjectConfigurationPlatforms) = postSolution
		{53FB23F6-9D92-430F-99C7-020621AFBA38}.Debug|Any CPU.ActiveCfg = Debug|Any CPU
		{53FB23F6-9D92-430F-99C7-020621AFBA38}.Debug|Any CPU.Build.0 = Debug|Any CPU
		{53FB23F6-9D92-430F-99C7-020621AFBA38}.Release|Any CPU.ActiveCfg = Release|Any CPU
		{53FB23F6-9D92-430F-99C7-020621AFBA38}.Release|Any CPU.Build.0 = Release|Any CPU
	EndGlobalSection
	GlobalSection(SolutionProperties) = preSolution
		HideSolutionNode = FALSE
	EndGlobalSection
	GlobalSection(ExtensibilityGlobals) = postSolution
		SolutionGuid = {076F20A8-1026-4275-A804-78A57F39EFBF}
	EndGlobalSection
EndGlobal
